
Microsoft Visual Studio Solution File, Format Version 12.00
# Visual Studio 15
VisualStudioVersion = 15.0.27428.2015
MinimumVisualStudioVersion = 10.0.40219.1
Project("{FAE04EC0-301F-11D3-BF4B-00C04F79EFBC}") = "PrismMVVMbyHand", "PrismMVVMbyHand\PrismMVVMbyHand\PrismMVVMbyHand.csproj", "{FFC2E846-2B06-44B8-A097-70AFFD98B75F}"
EndProject
Project("{FAE04EC0-301F-11D3-BF4B-00C04F79EFBC}") = "PrismMVVMbyHand.Android", "PrismMVVMbyHand\PrismMVVMbyHand.Android\PrismMVVMbyHand.Android.csproj", "{C12BD017-9DC2-43D2-BD95-40AB25B7EC80}"
EndProject
Project("{FAE04EC0-301F-11D3-BF4B-00C04F79EFBC}") = "PrismMVVMbyHand.iOS", "PrismMVVMbyHand\PrismMVVMbyHand.iOS\PrismMVVMbyHand.iOS.csproj", "{ED6742B7-EDFA-4A82-A1DA-87470F8D5346}"
EndProject
Project("{FAE04EC0-301F-11D3-BF4B-00C04F79EFBC}") = "PrismMVVMbyHand.UWP", "PrismMVVMbyHand\PrismMVVMbyHand.UWP\PrismMVVMbyHand.UWP.csproj", "{F0055F06-9B2E-41CE-9638-10D9897F53B1}"
EndProject
Global
	GlobalSection(SolutionConfigurationPlatforms) = preSolution
		Ad-Hoc|Any CPU = Ad-Hoc|Any CPU
		Ad-Hoc|ARM = Ad-Hoc|ARM
		Ad-Hoc|iPhone = Ad-Hoc|iPhone
		Ad-Hoc|iPhoneSimulator = Ad-Hoc|iPhoneSimulator
		Ad-Hoc|x64 = Ad-Hoc|x64
		Ad-Hoc|x86 = Ad-Hoc|x86
		AppStore|Any CPU = AppStore|Any CPU
		AppStore|ARM = AppStore|ARM
		AppStore|iPhone = AppStore|iPhone
		AppStore|iPhoneSimulator = AppStore|iPhoneSimulator
		AppStore|x64 = AppStore|x64
		AppStore|x86 = AppStore|x86
		Debug|Any CPU = Debug|Any CPU
		Debug|ARM = Debug|ARM
		Debug|iPhone = Debug|iPhone
		Debug|iPhoneSimulator = Debug|iPhoneSimulator
		Debug|x64 = Debug|x64
		Debug|x86 = Debug|x86
		Release|Any CPU = Release|Any CPU
		Release|ARM = Release|ARM
		Release|iPhone = Release|iPhone
		Release|iPhoneSimulator = Release|iPhoneSimulator
		Release|x64 = Release|x64
		Release|x86 = Release|x86
	EndGlobalSection
	GlobalSection(ProjectConfigurationPlatforms) = postSolution
		{FFC2E846-2B06-44B8-A097-70AFFD98B75F}.Ad-Hoc|Any CPU.ActiveCfg = Debug|Any CPU
		{FFC2E846-2B06-44B8-A097-70AFFD98B75F}.Ad-Hoc|Any CPU.Build.0 = Debug|Any CPU
		{FFC2E846-2B06-44B8-A097-70AFFD98B75F}.Ad-Hoc|ARM.ActiveCfg = Debug|Any CPU
		{FFC2E846-2B06-44B8-A097-70AFFD98B75F}.Ad-Hoc|ARM.Build.0 = Debug|Any CPU
		{FFC2E846-2B06-44B8-A097-70AFFD98B75F}.Ad-Hoc|iPhone.ActiveCfg = Debug|Any CPU
		{FFC2E846-2B06-44B8-A097-70AFFD98B75F}.Ad-Hoc|iPhone.Build.0 = Debug|Any CPU
		{FFC2E846-2B06-44B8-A097-70AFFD98B75F}.Ad-Hoc|iPhoneSimulator.ActiveCfg = Debug|Any CPU
		{FFC2E846-2B06-44B8-A097-70AFFD98B75F}.Ad-Hoc|iPhoneSimulator.Build.0 = Debug|Any CPU
		{FFC2E846-2B06-44B8-A097-70AFFD98B75F}.Ad-Hoc|x64.ActiveCfg = Debug|Any CPU
		{FFC2E846-2B06-44B8-A097-70AFFD98B75F}.Ad-Hoc|x64.Build.0 = Debug|Any CPU
		{FFC2E846-2B06-44B8-A097-70AFFD98B75F}.Ad-Hoc|x86.ActiveCfg = Debug|Any CPU
		{FFC2E846-2B06-44B8-A097-70AFFD98B75F}.Ad-Hoc|x86.Build.0 = Debug|Any CPU
		{FFC2E846-2B06-44B8-A097-70AFFD98B75F}.AppStore|Any CPU.ActiveCfg = Debug|Any CPU
		{FFC2E846-2B06-44B8-A097-70AFFD98B75F}.AppStore|Any CPU.Build.0 = Debug|Any CPU
		{FFC2E846-2B06-44B8-A097-70AFFD98B75F}.AppStore|ARM.ActiveCfg = Debug|Any CPU
		{FFC2E846-2B06-44B8-A097-70AFFD98B75F}.AppStore|ARM.Build.0 = Debug|Any CPU
		{FFC2E846-2B06-44B8-A097-70AFFD98B75F}.AppStore|iPhone.ActiveCfg = Debug|Any CPU
		{FFC2E846-2B06-44B8-A097-70AFFD98B75F}.AppStore|iPhone.Build.0 = Debug|Any CPU
		{FFC2E846-2B06-44B8-A097-70AFFD98B75F}.AppStore|iPhoneSimulator.ActiveCfg = Debug|Any CPU
		{FFC2E846-2B06-44B8-A097-70AFFD98B75F}.AppStore|iPhoneSimulator.Build.0 = Debug|Any CPU
		{FFC2E846-2B06-44B8-A097-70AFFD98B75F}.AppStore|x64.ActiveCfg = Debug|Any CPU
		{FFC2E846-2B06-44B8-A097-70AFFD98B75F}.AppStore|x64.Build.0 = Debug|Any CPU
		{FFC2E846-2B06-44B8-A097-70AFFD98B75F}.AppStore|x86.ActiveCfg = Debug|Any CPU
		{FFC2E846-2B06-44B8-A097-70AFFD98B75F}.AppStore|x86.Build.0 = Debug|Any CPU
		{FFC2E846-2B06-44B8-A097-70AFFD98B75F}.Debug|Any CPU.ActiveCfg = Debug|Any CPU
		{FFC2E846-2B06-44B8-A097-70AFFD98B75F}.Debug|Any CPU.Build.0 = Debug|Any CPU
		{FFC2E846-2B06-44B8-A097-70AFFD98B75F}.Debug|ARM.ActiveCfg = Debug|Any CPU
		{FFC2E846-2B06-44B8-A097-70AFFD98B75F}.Debug|ARM.Build.0 = Debug|Any CPU
		{FFC2E846-2B06-44B8-A097-70AFFD98B75F}.Debug|iPhone.ActiveCfg = Debug|Any CPU
		{FFC2E846-2B06-44B8-A097-70AFFD98B75F}.Debug|iPhone.Build.0 = Debug|Any CPU
		{FFC2E846-2B06-44B8-A097-70AFFD98B75F}.Debug|iPhoneSimulator.ActiveCfg = Debug|Any CPU
		{FFC2E846-2B06-44B8-A097-70AFFD98B75F}.Debug|iPhoneSimulator.Build.0 = Debug|Any CPU
		{FFC2E846-2B06-44B8-A097-70AFFD98B75F}.Debug|x64.ActiveCfg = Debug|Any CPU
		{FFC2E846-2B06-44B8-A097-70AFFD98B75F}.Debug|x64.Build.0 = Debug|Any CPU
		{FFC2E846-2B06-44B8-A097-70AFFD98B75F}.Debug|x86.ActiveCfg = Debug|Any CPU
		{FFC2E846-2B06-44B8-A097-70AFFD98B75F}.Debug|x86.Build.0 = Debug|Any CPU
		{FFC2E846-2B06-44B8-A097-70AFFD98B75F}.Release|Any CPU.ActiveCfg = Release|Any CPU
		{FFC2E846-2B06-44B8-A097-70AFFD98B75F}.Release|Any CPU.Build.0 = Release|Any CPU
		{FFC2E846-2B06-44B8-A097-70AFFD98B75F}.Release|ARM.ActiveCfg = Release|Any CPU
		{FFC2E846-2B06-44B8-A097-70AFFD98B75F}.Release|ARM.Build.0 = Release|Any CPU
		{FFC2E846-2B06-44B8-A097-70AFFD98B75F}.Release|iPhone.ActiveCfg = Release|Any CPU
		{FFC2E846-2B06-44B8-A097-70AFFD98B75F}.Release|iPhone.Build.0 = Release|Any CPU
		{FFC2E846-2B06-44B8-A097-70AFFD98B75F}.Release|iPhoneSimulator.ActiveCfg = Release|Any CPU
		{FFC2E846-2B06-44B8-A097-70AFFD98B75F}.Release|iPhoneSimulator.Build.0 = Release|Any CPU
		{FFC2E846-2B06-44B8-A097-70AFFD98B75F}.Release|x64.ActiveCfg = Release|Any CPU
		{FFC2E846-2B06-44B8-A097-70AFFD98B75F}.Release|x64.Build.0 = Release|Any CPU
		{FFC2E846-2B06-44B8-A097-70AFFD98B75F}.Release|x86.ActiveCfg = Release|Any CPU
		{FFC2E846-2B06-44B8-A097-70AFFD98B75F}.Release|x86.Build.0 = Release|Any CPU
		{C12BD017-9DC2-43D2-BD95-40AB25B7EC80}.Ad-Hoc|Any CPU.ActiveCfg = Release|Any CPU
		{C12BD017-9DC2-43D2-BD95-40AB25B7EC80}.Ad-Hoc|Any CPU.Build.0 = Release|Any CPU
		{C12BD017-9DC2-43D2-BD95-40AB25B7EC80}.Ad-Hoc|Any CPU.Deploy.0 = Release|Any CPU
		{C12BD017-9DC2-43D2-BD95-40AB25B7EC80}.Ad-Hoc|ARM.ActiveCfg = Release|Any CPU
		{C12BD017-9DC2-43D2-BD95-40AB25B7EC80}.Ad-Hoc|ARM.Build.0 = Release|Any CPU
		{C12BD017-9DC2-43D2-BD95-40AB25B7EC80}.Ad-Hoc|ARM.Deploy.0 = Release|Any CPU
		{C12BD017-9DC2-43D2-BD95-40AB25B7EC80}.Ad-Hoc|iPhone.ActiveCfg = Release|Any CPU
		{C12BD017-9DC2-43D2-BD95-40AB25B7EC80}.Ad-Hoc|iPhone.Build.0 = Release|Any CPU
		{C12BD017-9DC2-43D2-BD95-40AB25B7EC80}.Ad-Hoc|iPhone.Deploy.0 = Release|Any CPU
		{C12BD017-9DC2-43D2-BD95-40AB25B7EC80}.Ad-Hoc|iPhoneSimulator.ActiveCfg = Release|Any CPU
		{C12BD017-9DC2-43D2-BD95-40AB25B7EC80}.Ad-Hoc|iPhoneSimulator.Build.0 = Release|Any CPU
		{C12BD017-9DC2-43D2-BD95-40AB25B7EC80}.Ad-Hoc|iPhoneSimulator.Deploy.0 = Release|Any CPU
		{C12BD017-9DC2-43D2-BD95-40AB25B7EC80}.Ad-Hoc|x64.ActiveCfg = Release|Any CPU
		{C12BD017-9DC2-43D2-BD95-40AB25B7EC80}.Ad-Hoc|x64.Build.0 = Release|Any CPU
		{C12BD017-9DC2-43D2-BD95-40AB25B7EC80}.Ad-Hoc|x64.Deploy.0 = Release|Any CPU
		{C12BD017-9DC2-43D2-BD95-40AB25B7EC80}.Ad-Hoc|x86.ActiveCfg = Release|Any CPU
		{C12BD017-9DC2-43D2-BD95-40AB25B7EC80}.Ad-Hoc|x86.Build.0 = Release|Any CPU
		{C12BD017-9DC2-43D2-BD95-40AB25B7EC80}.Ad-Hoc|x86.Deploy.0 = Release|Any CPU
		{C12BD017-9DC2-43D2-BD95-40AB25B7EC80}.AppStore|Any CPU.ActiveCfg = Release|Any CPU
		{C12BD017-9DC2-43D2-BD95-40AB25B7EC80}.AppStore|Any CPU.Build.0 = Release|Any CPU
		{C12BD017-9DC2-43D2-BD95-40AB25B7EC80}.AppStore|Any CPU.Deploy.0 = Release|Any CPU
		{C12BD017-9DC2-43D2-BD95-40AB25B7EC80}.AppStore|ARM.ActiveCfg = Release|Any CPU
		{C12BD017-9DC2-43D2-BD95-40AB25B7EC80}.AppStore|ARM.Build.0 = Release|Any CPU
		{C12BD017-9DC2-43D2-BD95-40AB25B7EC80}.AppStore|ARM.Deploy.0 = Release|Any CPU
		{C12BD017-9DC2-43D2-BD95-40AB25B7EC80}.AppStore|iPhone.ActiveCfg = Release|Any CPU
		{C12BD017-9DC2-43D2-BD95-40AB25B7EC80}.AppStore|iPhone.Build.0 = Release|Any CPU
		{C12BD017-9DC2-43D2-BD95-40AB25B7EC80}.AppStore|iPhone.Deploy.0 = Release|Any CPU
		{C12BD017-9DC2-43D2-BD95-40AB25B7EC80}.AppStore|iPhoneSimulator.ActiveCfg = Release|Any CPU
		{C12BD017-9DC2-43D2-BD95-40AB25B7EC80}.AppStore|iPhoneSimulator.Build.0 = Release|Any CPU
		{C12BD017-9DC2-43D2-BD95-40AB25B7EC80}.AppStore|iPhoneSimulator.Deploy.0 = Release|Any CPU
		{C12BD017-9DC2-43D2-BD95-40AB25B7EC80}.AppStore|x64.ActiveCfg = Release|Any CPU
		{C12BD017-9DC2-43D2-BD95-40AB25B7EC80}.AppStore|x64.Build.0 = Release|Any CPU
		{C12BD017-9DC2-43D2-BD95-40AB25B7EC80}.AppStore|x64.Deploy.0 = Release|Any CPU
		{C12BD017-9DC2-43D2-BD95-40AB25B7EC80}.AppStore|x86.ActiveCfg = Release|Any CPU
		{C12BD017-9DC2-43D2-BD95-40AB25B7EC80}.AppStore|x86.Build.0 = Release|Any CPU
		{C12BD017-9DC2-43D2-BD95-40AB25B7EC80}.AppStore|x86.Deploy.0 = Release|Any CPU
		{C12BD017-9DC2-43D2-BD95-40AB25B7EC80}.Debug|Any CPU.ActiveCfg = Debug|Any CPU
		{C12BD017-9DC2-43D2-BD95-40AB25B7EC80}.Debug|Any CPU.Build.0 = Debug|Any CPU
		{C12BD017-9DC2-43D2-BD95-40AB25B7EC80}.Debug|Any CPU.Deploy.0 = Debug|Any CPU
		{C12BD017-9DC2-43D2-BD95-40AB25B7EC80}.Debug|ARM.ActiveCfg = Debug|Any CPU
		{C12BD017-9DC2-43D2-BD95-40AB25B7EC80}.Debug|ARM.Build.0 = Debug|Any CPU
		{C12BD017-9DC2-43D2-BD95-40AB25B7EC80}.Debug|ARM.Deploy.0 = Debug|Any CPU
		{C12BD017-9DC2-43D2-BD95-40AB25B7EC80}.Debug|iPhone.ActiveCfg = Debug|Any CPU
		{C12BD017-9DC2-43D2-BD95-40AB25B7EC80}.Debug|iPhone.Build.0 = Debug|Any CPU
		{C12BD017-9DC2-43D2-BD95-40AB25B7EC80}.Debug|iPhone.Deploy.0 = Debug|Any CPU
		{C12BD017-9DC2-43D2-BD95-40AB25B7EC80}.Debug|iPhoneSimulator.ActiveCfg = Debug|Any CPU
		{C12BD017-9DC2-43D2-BD95-40AB25B7EC80}.Debug|iPhoneSimulator.Build.0 = Debug|Any CPU
		{C12BD017-9DC2-43D2-BD95-40AB25B7EC80}.Debug|iPhoneSimulator.Deploy.0 = Debug|Any CPU
		{C12BD017-9DC2-43D2-BD95-40AB25B7EC80}.Debug|x64.ActiveCfg = Debug|Any CPU
		{C12BD017-9DC2-43D2-BD95-40AB25B7EC80}.Debug|x64.Build.0 = Debug|Any CPU
		{C12BD017-9DC2-43D2-BD95-40AB25B7EC80}.Debug|x64.Deploy.0 = Debug|Any CPU
		{C12BD017-9DC2-43D2-BD95-40AB25B7EC80}.Debug|x86.ActiveCfg = Debug|Any CPU
		{C12BD017-9DC2-43D2-BD95-40AB25B7EC80}.Debug|x86.Build.0 = Debug|Any CPU
		{C12BD017-9DC2-43D2-BD95-40AB25B7EC80}.Debug|x86.Deploy.0 = Debug|Any CPU
		{C12BD017-9DC2-43D2-BD95-40AB25B7EC80}.Release|Any CPU.ActiveCfg = Release|Any CPU
		{C12BD017-9DC2-43D2-BD95-40AB25B7EC80}.Release|Any CPU.Build.0 = Release|Any CPU
		{C12BD017-9DC2-43D2-BD95-40AB25B7EC80}.Release|Any CPU.Deploy.0 = Release|Any CPU
		{C12BD017-9DC2-43D2-BD95-40AB25B7EC80}.Release|ARM.ActiveCfg = Release|Any CPU
		{C12BD017-9DC2-43D2-BD95-40AB25B7EC80}.Release|ARM.Build.0 = Release|Any CPU
		{C12BD017-9DC2-43D2-BD95-40AB25B7EC80}.Release|ARM.Deploy.0 = Release|Any CPU
		{C12BD017-9DC2-43D2-BD95-40AB25B7EC80}.Release|iPhone.ActiveCfg = Release|Any CPU
		{C12BD017-9DC2-43D2-BD95-40AB25B7EC80}.Release|iPhone.Build.0 = Release|Any CPU
		{C12BD017-9DC2-43D2-BD95-40AB25B7EC80}.Release|iPhone.Deploy.0 = Release|Any CPU
		{C12BD017-9DC2-43D2-BD95-40AB25B7EC80}.Release|iPhoneSimulator.ActiveCfg = Release|Any CPU
		{C12BD017-9DC2-43D2-BD95-40AB25B7EC80}.Release|iPhoneSimulator.Build.0 = Release|Any CPU
		{C12BD017-9DC2-43D2-BD95-40AB25B7EC80}.Release|iPhoneSimulator.Deploy.0 = Release|Any CPU
		{C12BD017-9DC2-43D2-BD95-40AB25B7EC80}.Release|x64.ActiveCfg = Release|Any CPU
		{C12BD017-9DC2-43D2-BD95-40AB25B7EC80}.Release|x64.Build.0 = Release|Any CPU
		{C12BD017-9DC2-43D2-BD95-40AB25B7EC80}.Release|x64.Deploy.0 = Release|Any CPU
		{C12BD017-9DC2-43D2-BD95-40AB25B7EC80}.Release|x86.ActiveCfg = Release|Any CPU
		{C12BD017-9DC2-43D2-BD95-40AB25B7EC80}.Release|x86.Build.0 = Release|Any CPU
		{C12BD017-9DC2-43D2-BD95-40AB25B7EC80}.Release|x86.Deploy.0 = Release|Any CPU
		{ED6742B7-EDFA-4A82-A1DA-87470F8D5346}.Ad-Hoc|Any CPU.ActiveCfg = Ad-Hoc|iPhone
		{ED6742B7-EDFA-4A82-A1DA-87470F8D5346}.Ad-Hoc|ARM.ActiveCfg = Ad-Hoc|iPhone
		{ED6742B7-EDFA-4A82-A1DA-87470F8D5346}.Ad-Hoc|iPhone.ActiveCfg = Ad-Hoc|iPhone
		{ED6742B7-EDFA-4A82-A1DA-87470F8D5346}.Ad-Hoc|iPhone.Build.0 = Ad-Hoc|iPhone
		{ED6742B7-EDFA-4A82-A1DA-87470F8D5346}.Ad-Hoc|iPhoneSimulator.ActiveCfg = Ad-Hoc|iPhoneSimulator
		{ED6742B7-EDFA-4A82-A1DA-87470F8D5346}.Ad-Hoc|iPhoneSimulator.Build.0 = Ad-Hoc|iPhoneSimulator
		{ED6742B7-EDFA-4A82-A1DA-87470F8D5346}.Ad-Hoc|x64.ActiveCfg = Ad-Hoc|iPhone
		{ED6742B7-EDFA-4A82-A1DA-87470F8D5346}.Ad-Hoc|x86.ActiveCfg = Ad-Hoc|iPhone
		{ED6742B7-EDFA-4A82-A1DA-87470F8D5346}.AppStore|Any CPU.ActiveCfg = AppStore|iPhone
		{ED6742B7-EDFA-4A82-A1DA-87470F8D5346}.AppStore|ARM.ActiveCfg = AppStore|iPhone
		{ED6742B7-EDFA-4A82-A1DA-87470F8D5346}.AppStore|iPhone.ActiveCfg = AppStore|iPhone
		{ED6742B7-EDFA-4A82-A1DA-87470F8D5346}.AppStore|iPhone.Build.0 = AppStore|iPhone
		{ED6742B7-EDFA-4A82-A1DA-87470F8D5346}.AppStore|iPhoneSimulator.ActiveCfg = AppStore|iPhoneSimulator
		{ED6742B7-EDFA-4A82-A1DA-87470F8D5346}.AppStore|iPhoneSimulator.Build.0 = AppStore|iPhoneSimulator
		{ED6742B7-EDFA-4A82-A1DA-87470F8D5346}.AppStore|x64.ActiveCfg = AppStore|iPhone
		{ED6742B7-EDFA-4A82-A1DA-87470F8D5346}.AppStore|x86.ActiveCfg = AppStore|iPhone
		{ED6742B7-EDFA-4A82-A1DA-87470F8D5346}.Debug|Any CPU.ActiveCfg = Debug|iPhone
		{ED6742B7-EDFA-4A82-A1DA-87470F8D5346}.Debug|ARM.ActiveCfg = Debug|iPhone
		{ED6742B7-EDFA-4A82-A1DA-87470F8D5346}.Debug|iPhone.ActiveCfg = Debug|iPhone
		{ED6742B7-EDFA-4A82-A1DA-87470F8D5346}.Debug|iPhone.Build.0 = Debug|iPhone
		{ED6742B7-EDFA-4A82-A1DA-87470F8D5346}.Debug|iPhoneSimulator.ActiveCfg = Debug|iPhoneSimulator
		{ED6742B7-EDFA-4A82-A1DA-87470F8D5346}.Debug|iPhoneSimulator.Build.0 = Debug|iPhoneSimulator
		{ED6742B7-EDFA-4A82-A1DA-87470F8D5346}.Debug|x64.ActiveCfg = Debug|iPhone
		{ED6742B7-EDFA-4A82-A1DA-87470F8D5346}.Debug|x86.ActiveCfg = Debug|iPhone
		{ED6742B7-EDFA-4A82-A1DA-87470F8D5346}.Release|Any CPU.ActiveCfg = Release|iPhone
		{ED6742B7-EDFA-4A82-A1DA-87470F8D5346}.Release|ARM.ActiveCfg = Release|iPhone
		{ED6742B7-EDFA-4A82-A1DA-87470F8D5346}.Release|iPhone.ActiveCfg = Release|iPhone
		{ED6742B7-EDFA-4A82-A1DA-87470F8D5346}.Release|iPhone.Build.0 = Release|iPhone
		{ED6742B7-EDFA-4A82-A1DA-87470F8D5346}.Release|iPhoneSimulator.ActiveCfg = Release|iPhoneSimulator
		{ED6742B7-EDFA-4A82-A1DA-87470F8D5346}.Release|iPhoneSimulator.Build.0 = Release|iPhoneSimulator
		{ED6742B7-EDFA-4A82-A1DA-87470F8D5346}.Release|x64.ActiveCfg = Release|iPhone
		{ED6742B7-EDFA-4A82-A1DA-87470F8D5346}.Release|x86.ActiveCfg = Release|iPhone
		{F0055F06-9B2E-41CE-9638-10D9897F53B1}.Ad-Hoc|Any CPU.ActiveCfg = Release|x86
		{F0055F06-9B2E-41CE-9638-10D9897F53B1}.Ad-Hoc|Any CPU.Build.0 = Release|x86
		{F0055F06-9B2E-41CE-9638-10D9897F53B1}.Ad-Hoc|Any CPU.Deploy.0 = Release|x86
		{F0055F06-9B2E-41CE-9638-10D9897F53B1}.Ad-Hoc|ARM.ActiveCfg = Release|ARM
		{F0055F06-9B2E-41CE-9638-10D9897F53B1}.Ad-Hoc|ARM.Build.0 = Release|ARM
		{F0055F06-9B2E-41CE-9638-10D9897F53B1}.Ad-Hoc|ARM.Deploy.0 = Release|ARM
		{F0055F06-9B2E-41CE-9638-10D9897F53B1}.Ad-Hoc|iPhone.ActiveCfg = Release|x86
		{F0055F06-9B2E-41CE-9638-10D9897F53B1}.Ad-Hoc|iPhone.Build.0 = Release|x86
		{F0055F06-9B2E-41CE-9638-10D9897F53B1}.Ad-Hoc|iPhone.Deploy.0 = Release|x86
		{F0055F06-9B2E-41CE-9638-10D9897F53B1}.Ad-Hoc|iPhoneSimulator.ActiveCfg = Release|x86
		{F0055F06-9B2E-41CE-9638-10D9897F53B1}.Ad-Hoc|iPhoneSimulator.Build.0 = Release|x86
		{F0055F06-9B2E-41CE-9638-10D9897F53B1}.Ad-Hoc|iPhoneSimulator.Deploy.0 = Release|x86
		{F0055F06-9B2E-41CE-9638-10D9897F53B1}.Ad-Hoc|x64.ActiveCfg = Release|x64
		{F0055F06-9B2E-41CE-9638-10D9897F53B1}.Ad-Hoc|x64.Build.0 = Release|x64
		{F0055F06-9B2E-41CE-9638-10D9897F53B1}.Ad-Hoc|x64.Deploy.0 = Release|x64
		{F0055F06-9B2E-41CE-9638-10D9897F53B1}.Ad-Hoc|x86.ActiveCfg = Release|x86
		{F0055F06-9B2E-41CE-9638-10D9897F53B1}.Ad-Hoc|x86.Build.0 = Release|x86
		{F0055F06-9B2E-41CE-9638-10D9897F53B1}.Ad-Hoc|x86.Deploy.0 = Release|x86
		{F0055F06-9B2E-41CE-9638-10D9897F53B1}.AppStore|Any CPU.ActiveCfg = Release|x86
		{F0055F06-9B2E-41CE-9638-10D9897F53B1}.AppStore|Any CPU.Build.0 = Release|x86
		{F0055F06-9B2E-41CE-9638-10D9897F53B1}.AppStore|Any CPU.Deploy.0 = Release|x86
		{F0055F06-9B2E-41CE-9638-10D9897F53B1}.AppStore|ARM.ActiveCfg = Release|ARM
		{F0055F06-9B2E-41CE-9638-10D9897F53B1}.AppStore|ARM.Build.0 = Release|ARM
		{F0055F06-9B2E-41CE-9638-10D9897F53B1}.AppStore|ARM.Deploy.0 = Release|ARM
		{F0055F06-9B2E-41CE-9638-10D9897F53B1}.AppStore|iPhone.ActiveCfg = Release|x86
		{F0055F06-9B2E-41CE-9638-10D9897F53B1}.AppStore|iPhone.Build.0 = Release|x86
		{F0055F06-9B2E-41CE-9638-10D9897F53B1}.AppStore|iPhone.Deploy.0 = Release|x86
		{F0055F06-9B2E-41CE-9638-10D9897F53B1}.AppStore|iPhoneSimulator.ActiveCfg = Release|x86
		{F0055F06-9B2E-41CE-9638-10D9897F53B1}.AppStore|iPhoneSimulator.Build.0 = Release|x86
		{F0055F06-9B2E-41CE-9638-10D9897F53B1}.AppStore|iPhoneSimulator.Deploy.0 = Release|x86
		{F0055F06-9B2E-41CE-9638-10D9897F53B1}.AppStore|x64.ActiveCfg = Release|x64
		{F0055F06-9B2E-41CE-9638-10D9897F53B1}.AppStore|x64.Build.0 = Release|x64
		{F0055F06-9B2E-41CE-9638-10D9897F53B1}.AppStore|x64.Deploy.0 = Release|x64
		{F0055F06-9B2E-41CE-9638-10D9897F53B1}.AppStore|x86.ActiveCfg = Release|x86
		{F0055F06-9B2E-41CE-9638-10D9897F53B1}.AppStore|x86.Build.0 = Release|x86
		{F0055F06-9B2E-41CE-9638-10D9897F53B1}.AppStore|x86.Deploy.0 = Release|x86
		{F0055F06-9B2E-41CE-9638-10D9897F53B1}.Debug|Any CPU.ActiveCfg = Debug|x86
		{F0055F06-9B2E-41CE-9638-10D9897F53B1}.Debug|ARM.ActiveCfg = Debug|ARM
		{F0055F06-9B2E-41CE-9638-10D9897F53B1}.Debug|ARM.Build.0 = Debug|ARM
		{F0055F06-9B2E-41CE-9638-10D9897F53B1}.Debug|ARM.Deploy.0 = Debug|ARM
		{F0055F06-9B2E-41CE-9638-10D9897F53B1}.Debug|iPhone.ActiveCfg = Debug|x86
		{F0055F06-9B2E-41CE-9638-10D9897F53B1}.Debug|iPhoneSimulator.ActiveCfg = Debug|x86
		{F0055F06-9B2E-41CE-9638-10D9897F53B1}.Debug|x64.ActiveCfg = Debug|x64
		{F0055F06-9B2E-41CE-9638-10D9897F53B1}.Debug|x64.Build.0 = Debug|x64
		{F0055F06-9B2E-41CE-9638-10D9897F53B1}.Debug|x64.Deploy.0 = Debug|x64
		{F0055F06-9B2E-41CE-9638-10D9897F53B1}.Debug|x86.ActiveCfg = Debug|x86
		{F0055F06-9B2E-41CE-9638-10D9897F53B1}.Debug|x86.Build.0 = Debug|x86
		{F0055F06-9B2E-41CE-9638-10D9897F53B1}.Debug|x86.Deploy.0 = Debug|x86
		{F0055F06-9B2E-41CE-9638-10D9897F53B1}.Release|Any CPU.ActiveCfg = Release|x86
		{F0055F06-9B2E-41CE-9638-10D9897F53B1}.Release|ARM.ActiveCfg = Release|ARM
		{F0055F06-9B2E-41CE-9638-10D9897F53B1}.Release|ARM.Build.0 = Release|ARM
		{F0055F06-9B2E-41CE-9638-10D9897F53B1}.Release|ARM.Deploy.0 = Release|ARM
		{F0055F06-9B2E-41CE-9638-10D9897F53B1}.Release|iPhone.ActiveCfg = Release|x86
		{F0055F06-9B2E-41CE-9638-10D9897F53B1}.Release|iPhoneSimulator.ActiveCfg = Release|x86
		{F0055F06-9B2E-41CE-9638-10D9897F53B1}.Release|x64.ActiveCfg = Release|x64
		{F0055F06-9B2E-41CE-9638-10D9897F53B1}.Release|x64.Build.0 = Release|x64
		{F0055F06-9B2E-41CE-9638-10D9897F53B1}.Release|x64.Deploy.0 = Release|x64
		{F0055F06-9B2E-41CE-9638-10D9897F53B1}.Release|x86.ActiveCfg = Release|x86
		{F0055F06-9B2E-41CE-9638-10D9897F53B1}.Release|x86.Build.0 = Release|x86
		{F0055F06-9B2E-41CE-9638-10D9897F53B1}.Release|x86.Deploy.0 = Release|x86
	EndGlobalSection
	GlobalSection(SolutionProperties) = preSolution
		HideSolutionNode = FALSE
	EndGlobalSection
	GlobalSection(ExtensibilityGlobals) = postSolution
		SolutionGuid = {12D66168-5258-4A67-AE6D-59571E73D91F}
	EndGlobalSection
EndGlobal
